// !$*UTF8*$!
{
	archiveVersion = 1;
	classes = {
	};
	objectVersion = 50;
	objects = {

/* Begin PBXBuildFile section */
		D0A48CCE26BA474A0066D266 /* AppDelegate.swift in Sources */ = {isa = PBXBuildFile; fileRef = D0A48CCD26BA474A0066D266 /* AppDelegate.swift */; };
		D0A48CD026BA474A0066D266 /* SceneDelegate.swift in Sources */ = {isa = PBXBuildFile; fileRef = D0A48CCF26BA474A0066D266 /* SceneDelegate.swift */; };
		D0A48CD226BA474A0066D266 /* ViewController.swift in Sources */ = {isa = PBXBuildFile; fileRef = D0A48CD126BA474A0066D266 /* ViewController.swift */; };
		D0A48CD526BA474A0066D266 /* Main.storyboard in Resources */ = {isa = PBXBuildFile; fileRef = D0A48CD326BA474A0066D266 /* Main.storyboard */; };
		D0A48CD726BA474D0066D266 /* Assets.xcassets in Resources */ = {isa = PBXBuildFile; fileRef = D0A48CD626BA474D0066D266 /* Assets.xcassets */; };
		D0A48CDA26BA474D0066D266 /* LaunchScreen.storyboard in Resources */ = {isa = PBXBuildFile; fileRef = D0A48CD826BA474D0066D266 /* LaunchScreen.storyboard */; };
		E765E2875CBCC9FA2AF4E542 /* Pods_AppTest1.framework in Frameworks */ = {isa = PBXBuildFile; fileRef = 2935EA6CC1B3CD1133DC33F5 /* Pods_AppTest1.framework */; };
/* End PBXBuildFile section */

/* Begin PBXFileReference section */
		2935EA6CC1B3CD1133DC33F5 /* Pods_AppTest1.framework */ = {isa = PBXFileReference; explicitFileType = wrapper.framework; includeInIndex = 0; path = Pods_AppTest1.framework; sourceTree = BUILT_PRODUCTS_DIR; };
		A4369D3BE62C1E47A8346A0A /* Pods-AppTest1.release.xcconfig */ = {isa = PBXFileReference; includeInIndex = 1; lastKnownFileType = text.xcconfig; name = "Pods-AppTest1.release.xcconfig"; path = "Target Support Files/Pods-AppTest1/Pods-AppTest1.release.xcconfig"; sourceTree = "<group>"; };
		B682189751928A6BF5DE81E5 /* Pods-AppTest1.debug.xcconfig */ = {isa = PBXFileReference; includeInIndex = 1; lastKnownFileType = text.xcconfig; name = "Pods-AppTest1.debug.xcconfig"; path = "Target Support Files/Pods-AppTest1/Pods-AppTest1.debug.xcconfig"; sourceTree = "<group>"; };
		D0A48CCA26BA474A0066D266 /* AppTest1.app */ = {isa = PBXFileReference; explicitFileType = wrapper.application; includeInIndex = 0; path = AppTest1.app; sourceTree = BUILT_PRODUCTS_DIR; };
		D0A48CCD26BA474A0066D266 /* AppDelegate.swift */ = {isa = PBXFileReference; lastKnownFileType = sourcecode.swift; path = AppDelegate.swift; sourceTree = "<group>"; };
		D0A48CCF26BA474A0066D266 /* SceneDelegate.swift */ = {isa = PBXFileReference; lastKnownFileType = sourcecode.swift; path = SceneDelegate.swift; sourceTree = "<group>"; };
		D0A48CD126BA474A0066D266 /* ViewController.swift */ = {isa = PBXFileReference; lastKnownFileType = sourcecode.swift; path = ViewController.swift; sourceTree = "<group>"; };
		D0A48CD426BA474A0066D266 /* Base */ = {isa = PBXFileReference; lastKnownFileType = file.storyboard; name = Base; path = Base.lproj/Main.storyboard; sourceTree = "<group>"; };
		D0A48CD626BA474D0066D266 /* Assets.xcassets */ = {isa = PBXFileReference; lastKnownFileType = folder.assetcatalog; path = Assets.xcassets; sourceTree = "<group>"; };
		D0A48CD926BA474D0066D266 /* Base */ = {isa = PBXFileReference; lastKnownFileType = file.storyboard; name = Base; path = Base.lproj/LaunchScreen.storyboard; sourceTree = "<group>"; };
		D0A48CDB26BA474D0066D266 /* Info.plist */ = {isa = PBXFileReference; lastKnownFileType = text.plist.xml; path = Info.plist; sourceTree = "<group>"; };
/* End PBXFileReference section */

/* Begin PBXFrameworksBuildPhase section */
		D0A48CC726BA474A0066D266 /* Frameworks */ = {
			isa = PBXFrameworksBuildPhase;
			buildActionMask = 2147483647;
			files = (
				E765E2875CBCC9FA2AF4E542 /* Pods_AppTest1.framework in Frameworks */,
			);
			runOnlyForDeploymentPostprocessing = 0;
		};
/* End PBXFrameworksBuildPhase section */

/* Begin PBXGroup section */
		91C81DD8A604F8BDA0568FBF /* Frameworks */ = {
			isa = PBXGroup;
			children = (
				2935EA6CC1B3CD1133DC33F5 /* Pods_AppTest1.framework */,
			);
			name = Frameworks;
			sourceTree = "<group>";
		};
		D0A48CC126BA474A0066D266 = {
			isa = PBXGroup;
			children = (
				D0A48CCC26BA474A0066D266 /* AppTest1 */,
				D0A48CCB26BA474A0066D266 /* Products */,
				D12EECBD64E2A9A8354BB265 /* Pods */,
				91C81DD8A604F8BDA0568FBF /* Frameworks */,
			);
			sourceTree = "<group>";
		};
		D0A48CCB26BA474A0066D266 /* Products */ = {
			isa = PBXGroup;
			children = (
				D0A48CCA26BA474A0066D266 /* AppTest1.app */,
			);
			name = Products;
			sourceTree = "<group>";
		};
		D0A48CCC26BA474A0066D266 /* AppTest1 */ = {
			isa = PBXGroup;
			children = (
				D0A48CCD26BA474A0066D266 /* AppDelegate.swift */,
				D0A48CCF26BA474A0066D266 /* SceneDelegate.swift */,
				D0A48CD126BA474A0066D266 /* ViewController.swift */,
				D0A48CD326BA474A0066D266 /* Main.storyboard */,
				D0A48CD626BA474D0066D266 /* Assets.xcassets */,
				D0A48CD826BA474D0066D266 /* LaunchScreen.storyboard */,
				D0A48CDB26BA474D0066D266 /* Info.plist */,
			);
			path = AppTest1;
			sourceTree = "<group>";
		};
		D12EECBD64E2A9A8354BB265 /* Pods */ = {
			isa = PBXGroup;
			children = (
				B682189751928A6BF5DE81E5 /* Pods-AppTest1.debug.xcconfig */,
				A4369D3BE62C1E47A8346A0A /* Pods-AppTest1.release.xcconfig */,
			);
			name = Pods;
			path = Pods;
			sourceTree = "<group>";
		};
/* End PBXGroup section */

/* Begin PBXNativeTarget section */
		D0A48CC926BA474A0066D266 /* AppTest1 */ = {
			isa = PBXNativeTarget;
			buildConfigurationList = D0A48CDE26BA474D0066D266 /* Build configuration list for PBXNativeTarget "AppTest1" */;
			buildPhases = (
				3BA5F771E74481007412F608 /* [CP] Check Pods Manifest.lock */,
				D0A48CC626BA474A0066D266 /* Sources */,
				D0A48CC726BA474A0066D266 /* Frameworks */,
				D0A48CC826BA474A0066D266 /* Resources */,
				8D8B5A8EC03F1748C1E3F560 /* [CP] Embed Pods Frameworks */,
			);
			buildRules = (
			);
			dependencies = (
			);
			name = AppTest1;
			productName = AppTest1;
			productReference = D0A48CCA26BA474A0066D266 /* AppTest1.app */;
			productType = "com.apple.product-type.application";
		};
/* End PBXNativeTarget section */

/* Begin PBXProject section */
		D0A48CC226BA474A0066D266 /* Project object */ = {
			isa = PBXProject;
			attributes = {
				LastSwiftUpdateCheck = 1250;
				LastUpgradeCheck = 1250;
				TargetAttributes = {
					D0A48CC926BA474A0066D266 = {
						CreatedOnToolsVersion = 12.5;
					};
				};
			};
			buildConfigurationList = D0A48CC526BA474A0066D266 /* Build configuration list for PBXProject "AppTest1" */;
			compatibilityVersion = "Xcode 9.3";
			developmentRegion = en;
			hasScannedForEncodings = 0;
			knownRegions = (
				en,
				Base,
			);
			mainGroup = D0A48CC126BA474A0066D266;
			productRefGroup = D0A48CCB26BA474A0066D266 /* Products */;
			projectDirPath = "";
			projectRoot = "";
			targets = (
				D0A48CC926BA474A0066D266 /* AppTest1 */,
			);
		};
/* End PBXProject section */

/* Begin PBXResourcesBuildPhase section */
		D0A48CC826BA474A0066D266 /* Resources */ = {
			isa = PBXResourcesBuildPhase;
			buildActionMask = 2147483647;
			files = (
				D0A48CDA26BA474D0066D266 /* LaunchScreen.storyboard in Resources */,
				D0A48CD726BA474D0066D266 /* Assets.xcassets in Resources */,
				D0A48CD526BA474A0066D266 /* Main.storyboard in Resources */,
			);
			runOnlyForDeploymentPostprocessing = 0;
		};
/* End PBXResourcesBuildPhase section */

/* Begin PBXShellScriptBuildPhase section */
		3BA5F771E74481007412F608 /* [CP] Check Pods Manifest.lock */ = {
			isa = PBXShellScriptBuildPhase;
			buildActionMask = 2147483647;
			files = (
			);
			inputFileListPaths = (
			);
			inputPaths = (
				"${PODS_PODFILE_DIR_PATH}/Podfile.lock",
				"${PODS_ROOT}/Manifest.lock",
			);
			name = "[CP] Check Pods Manifest.lock";
			outputFileListPaths = (
			);
			outputPaths = (
				"$(DERIVED_FILE_DIR)/Pods-AppTest1-checkManifestLockResult.txt",
			);
			runOnlyForDeploymentPostprocessing = 0;
			shellPath = /bin/sh;
			shellScript = "diff \"${PODS_PODFILE_DIR_PATH}/Podfile.lock\" \"${PODS_ROOT}/Manifest.lock\" > /dev/null\nif [ $? != 0 ] ; then\n    # print error to STDERR\n    echo \"error: The sandbox is not in sync with the Podfile.lock. Run 'pod install' or update your CocoaPods installation.\" >&2\n    exit 1\nfi\n# This output is used by Xcode 'outputs' to avoid re-running this script phase.\necho \"SUCCESS\" > \"${SCRIPT_OUTPUT_FILE_0}\"\n";
			showEnvVarsInLog = 0;
		};
		8D8B5A8EC03F1748C1E3F560 /* [CP] Embed Pods Frameworks */ = {
			isa = PBXShellScriptBuildPhase;
			buildActionMask = 2147483647;
			files = (
			);
			inputFileListPaths = (
				"${PODS_ROOT}/Target Support Files/Pods-AppTest1/Pods-AppTest1-frameworks-${CONFIGURATION}-input-files.xcfilelist",
			);
			name = "[CP] Embed Pods Frameworks";
			outputFileListPaths = (
				"${PODS_ROOT}/Target Support Files/Pods-AppTest1/Pods-AppTest1-frameworks-${CONFIGURATION}-output-files.xcfilelist",
			);
			runOnlyForDeploymentPostprocessing = 0;
			shellPath = /bin/sh;
			shellScript = "\"${PODS_ROOT}/Target Support Files/Pods-AppTest1/Pods-AppTest1-frameworks.sh\"\n";
			showEnvVarsInLog = 0;
		};
/* End PBXShellScriptBuildPhase section */

/* Begin PBXSourcesBuildPhase section */
		D0A48CC626BA474A0066D266 /* Sources */ = {
			isa = PBXSourcesBuildPhase;
			buildActionMask = 2147483647;
			files = (
				D0A48CD226BA474A0066D266 /* ViewController.swift in Sources */,
				D0A48CCE26BA474A0066D266 /* AppDelegate.swift in Sources */,
				D0A48CD026BA474A0066D266 /* SceneDelegate.swift in Sources */,
			);
			runOnlyForDeploymentPostprocessing = 0;
		};
/* End PBXSourcesBuildPhase section */

/* Begin PBXVariantGroup section */
		D0A48CD326BA474A0066D266 /* Main.storyboard */ = {
			isa = PBXVariantGroup;
			children = (
				D0A48CD426BA474A0066D266 /* Base */,
			);
			name = Main.storyboard;
			sourceTree = "<group>";
		};
		D0A48CD826BA474D0066D266 /* LaunchScreen.storyboard */ = {
			isa = PBXVariantGroup;
			children = (
				D0A48CD926BA474D0066D266 /* Base */,
			);
			name = LaunchScreen.storyboard;
			sourceTree = "<group>";
		};
/* End PBXVariantGroup section */

/* Begin XCBuildConfiguration section */
		D0A48CDC26BA474D0066D266 /* Debug */ = {
			isa = XCBuildConfiguration;
			buildSettings = {
				ALWAYS_SEARCH_USER_PATHS = NO;
				CLANG_ANALYZER_NONNULL = YES;
				CLANG_ANALYZER_NUMBER_OBJECT_CONVERSION = YES_AGGRESSIVE;
				CLANG_CXX_LANGUAGE_STANDARD = "gnu++14";
				CLANG_CXX_LIBRARY = "libc++";
				CLANG_ENABLE_MODULES = YES;
				CLANG_ENABLE_OBJC_ARC = YES;
				CLANG_ENABLE_OBJC_WEAK = YES;
				CLANG_WARN_BLOCK_CAPTURE_AUTORELEASING = YES;
				CLANG_WARN_BOOL_CONVERSION = YES;
				CLANG_WARN_COMMA = YES;
				CLANG_WARN_CONSTANT_CONVERSION = YES;
				CLANG_WARN_DEPRECATED_OBJC_IMPLEMENTATIONS = YES;
				CLANG_WARN_DIRECT_OBJC_ISA_USAGE = YES_ERROR;
				CLANG_WARN_DOCUMENTATION_COMMENTS = YES;
				CLANG_WARN_EMPTY_BODY = YES;
				CLANG_WARN_ENUM_CONVERSION = YES;
				CLANG_WARN_INFINITE_RECURSION = YES;
				CLANG_WARN_INT_CONVERSION = YES;
				CLANG_WARN_NON_LITERAL_NULL_CONVERSION = YES;
				CLANG_WARN_OBJC_IMPLICIT_RETAIN_SELF = YES;
				CLANG_WARN_OBJC_LITERAL_CONVERSION = YES;
				CLANG_WARN_OBJC_ROOT_CLASS = YES_ERROR;
				CLANG_WARN_QUOTED_INCLUDE_IN_FRAMEWORK_HEADER = YES;
				CLANG_WARN_RANGE_LOOP_ANALYSIS = YES;
				CLANG_WARN_STRICT_PROTOTYPES = YES;
				CLANG_WARN_SUSPICIOUS_MOVE = YES;
				CLANG_WARN_UNGUARDED_AVAILABILITY = YES_AGGRESSIVE;
				CLANG_WARN_UNREACHABLE_CODE = YES;
				CLANG_WARN__DUPLICATE_METHOD_MATCH = YES;
				COPY_PHASE_STRIP = NO;
				DEBUG_INFORMATION_FORMAT = dwarf;
				ENABLE_STRICT_OBJC_MSGSEND = YES;
				ENABLE_TESTABILITY = YES;
				GCC_C_LANGUAGE_STANDARD = gnu11;
				GCC_DYNAMIC_NO_PIC = NO;
				GCC_NO_COMMON_BLOCKS = YES;
				GCC_OPTIMIZATION_LEVEL = 0;
				GCC_PREPROCESSOR_DEFINITIONS = (
					"DEBUG=1",
					"$(inherited)",
				);
				GCC_WARN_64_TO_32_BIT_CONVERSION = YES;
				GCC_WARN_ABOUT_RETURN_TYPE = YES_ERROR;
				GCC_WARN_UNDECLARED_SELECTOR = YES;
				GCC_WARN_UNINITIALIZED_AUTOS = YES_AGGRESSIVE;
				GCC_WARN_UNUSED_FUNCTION = YES;
				GCC_WARN_UNUSED_VARIABLE = YES;
				IPHONEOS_DEPLOYMENT_TARGET = 14.5;
				MTL_ENABLE_DEBUG_INFO = INCLUDE_SOURCE;
				MTL_FAST_MATH = YES;
				ONLY_ACTIVE_ARCH = YES;
				SDKROOT = iphoneos;
				SWIFT_ACTIVE_COMPILATION_CONDITIONS = DEBUG;
				SWIFT_OPTIMIZATION_LEVEL = "-Onone";
			};
			name = Debug;
		};
		D0A48CDD26BA474D0066D266 /* Release */ = {
			isa = XCBuildConfiguration;
			buildSettings = {
				ALWAYS_SEARCH_USER_PATHS = NO;
				CLANG_ANALYZER_NONNULL = YES;
				CLANG_ANALYZER_NUMBER_OBJECT_CONVERSION = YES_AGGRESSIVE;
				CLANG_CXX_LANGUAGE_STANDARD = "gnu++14";
				CLANG_CXX_LIBRARY = "libc++";
				CLANG_ENABLE_MODULES = YES;
				CLANG_ENABLE_OBJC_ARC = YES;
				CLANG_ENABLE_OBJC_WEAK = YES;
				CLANG_WARN_BLOCK_CAPTURE_AUTORELEASING = YES;
				CLANG_WARN_BOOL_CONVERSION = YES;
				CLANG_WARN_COMMA = YES;
				CLANG_WARN_CONSTANT_CONVERSION = YES;
				CLANG_WARN_DEPRECATED_OBJC_IMPLEMENTATIONS = YES;
				CLANG_WARN_DIRECT_OBJC_ISA_USAGE = YES_ERROR;
				CLANG_WARN_DOCUMENTATION_COMMENTS = YES;
				CLANG_WARN_EMPTY_BODY = YES;
				CLANG_WARN_ENUM_CONVERSION = YES;
				CLANG_WARN_INFINITE_RECURSION = YES;
				CLANG_WARN_INT_CONVERSION = YES;
				CLANG_WARN_NON_LITERAL_NULL_CONVERSION = YES;
				CLANG_WARN_OBJC_IMPLICIT_RETAIN_SELF = YES;
				CLANG_WARN_OBJC_LITERAL_CONVERSION = YES;
				CLANG_WARN_OBJC_ROOT_CLASS = YES_ERROR;
				CLANG_WARN_QUOTED_INCLUDE_IN_FRAMEWORK_HEADER = YES;
				CLANG_WARN_RANGE_LOOP_ANALYSIS = YES;
				CLANG_WARN_STRICT_PROTOTYPES = YES;
				CLANG_WARN_SUSPICIOUS_MOVE = YES;
				CLANG_WARN_UNGUARDED_AVAILABILITY = YES_AGGRESSIVE;
				CLANG_WARN_UNREACHABLE_CODE = YES;
				CLANG_WARN__DUPLICATE_METHOD_MATCH = YES;
				COPY_PHASE_STRIP = NO;
				DEBUG_INFORMATION_FORMAT = "dwarf-with-dsym";
				ENABLE_NS_ASSERTIONS = NO;
				ENABLE_STRICT_OBJC_MSGSEND = YES;
				GCC_C_LANGUAGE_STANDARD = gnu11;
				GCC_NO_COMMON_BLOCKS = YES;
				GCC_WARN_64_TO_32_BIT_CONVERSION = YES;
				GCC_WARN_ABOUT_RETURN_TYPE = YES_ERROR;
				GCC_WARN_UNDECLARED_SELECTOR = YES;
				GCC_WARN_UNINITIALIZED_AUTOS = YES_AGGRESSIVE;
				GCC_WARN_UNUSED_FUNCTION = YES;
				GCC_WARN_UNUSED_VARIABLE = YES;
				IPHONEOS_DEPLOYMENT_TARGET = 14.5;
				MTL_ENABLE_DEBUG_INFO = NO;
				MTL_FAST_MATH = YES;
				SDKROOT = iphoneos;
				SWIFT_COMPILATION_MODE = wholemodule;
				SWIFT_OPTIMIZATION_LEVEL = "-O";
				VALIDATE_PRODUCT = YES;
			};
			name = Release;
		};
		D0A48CDF26BA474D0066D266 /* Debug */ = {
			isa = XCBuildConfiguration;
			baseConfigurationReference = B682189751928A6BF5DE81E5 /* Pods-AppTest1.debug.xcconfig */;
			buildSettings = {
				ASSETCATALOG_COMPILER_APPICON_NAME = AppIcon;
				ASSETCATALOG_COMPILER_GLOBAL_ACCENT_COLOR_NAME = AccentColor;
				CODE_SIGN_STYLE = Automatic;
				DEVELOPMENT_TEAM = 6BQ47MN73Z;
				INFOPLIST_FILE = AppTest1/Info.plist;
				LD_RUNPATH_SEARCH_PATHS = (
					"$(inherited)",
					"@executable_path/Frameworks",
				);
				PRODUCT_BUNDLE_IDENTIFIER = io.iOSApp.AppTest1;
				PRODUCT_NAME = "$(TARGET_NAME)";
				SWIFT_VERSION = 5.0;
				TARGETED_DEVICE_FAMILY = "1,2";
			};
			name = Debug;
		};
		D0A48CE026BA474D0066D266 /* Release */ = {
			isa = XCBuildConfiguration;
			baseConfigurationReference = A4369D3BE62C1E47A8346A0A /* Pods-AppTest1.release.xcconfig */;
			buildSettings = {
				ASSETCATALOG_COMPILER_APPICON_NAME = AppIcon;
				ASSETCATALOG_COMPILER_GLOBAL_ACCENT_COLOR_NAME = AccentColor;
				CODE_SIGN_STYLE = Automatic;
				DEVELOPMENT_TEAM = 6BQ47MN73Z;
				INFOPLIST_FILE = AppTest1/Info.plist;
				LD_RUNPATH_SEARCH_PATHS = (
					"$(inherited)",
					"@executable_path/Frameworks",
				);
				PRODUCT_BUNDLE_IDENTIFIER = io.iOSApp.AppTest1;
				PRODUCT_NAME = "$(TARGET_NAME)";
				SWIFT_VERSION = 5.0;
				TARGETED_DEVICE_FAMILY = "1,2";
			};
			name = Release;
		};
/* End XCBuildConfiguration section */

/* Begin XCConfigurationList section */
		D0A48CC526BA474A0066D266 /* Build configuration list for PBXProject "AppTest1" */ = {
			isa = XCConfigurationList;
			buildConfigurations = (
				D0A48CDC26BA474D0066D266 /* Debug */,
				D0A48CDD26BA474D0066D266 /* Release */,
			);
			defaultConfigurationIsVisible = 0;
			defaultConfigurationName = Release;
		};
		D0A48CDE26BA474D0066D266 /* Build configuration list for PBXNativeTarget "AppTest1" */ = {
			isa = XCConfigurationList;
			buildConfigurations = (
				D0A48CDF26BA474D0066D266 /* Debug */,
				D0A48CE026BA474D0066D266 /* Release */,
			);
			defaultConfigurationIsVisible = 0;
			defaultConfigurationName = Release;
		};
/* End XCConfigurationList section */
	};
	rootObject = D0A48CC226BA474A0066D266 /* Project object */;
}
